# THIS IS AN AUTOGENERATED FILE. DO NOT EDIT THIS FILE DIRECTLY.
# yarn lockfile v1


"@babel/runtime@^7.15.4", "@babel/runtime@^7.3.1", "@babel/runtime@^7.5.5", "@babel/runtime@^7.8.3", "@babel/runtime@^7.8.7":
  version "7.15.4"
  resolved "https://registry.yarnpkg.com/@babel/runtime/-/runtime-7.15.4.tgz#fd17d16bfdf878e6dd02d19753a39fa8a8d9c84a"
  integrity sha512-99catp6bHCaxr4sJ/DbTGgHS4+Rs2RVd2g7iOap6SLGPDknRK9ztKNsE/Fg6QhSeh1FGE5f6gHGQmvvn3I3xhw==
  dependencies:
    regenerator-runtime "^0.13.4"

"@emotion/cache@^11.4.0":
  version "11.5.0"
  resolved "https://registry.yarnpkg.com/@emotion/cache/-/cache-11.5.0.tgz#a5eb78cbef8163939ee345e3ddf0af217b845e62"
  integrity sha512-mAZ5QRpLriBtaj/k2qyrXwck6yeoz1V5lMt/jfj6igWU35yYlNKs2LziXVgvH81gnJZ+9QQNGelSsnuoAy6uIw==
  dependencies:
    "@emotion/memoize" "^0.7.4"
    "@emotion/sheet" "^1.0.3"
    "@emotion/utils" "^1.0.0"
    "@emotion/weak-memoize" "^0.2.5"
    stylis "^4.0.10"

"@emotion/hash@^0.8.0":
  version "0.8.0"
  resolved "https://registry.yarnpkg.com/@emotion/hash/-/hash-0.8.0.tgz#bbbff68978fefdbe68ccb533bc8cbe1d1afb5413"
  integrity sha512-kBJtf7PH6aWwZ6fka3zQ0p6SBYzx4fl1LoZXE2RrnYST9Xljm7WfKJrU4g/Xr3Beg72MLrp1AWNUmuYJTL7Cow==

"@emotion/is-prop-valid@^1.1.0":
  version "1.1.0"
  resolved "https://registry.yarnpkg.com/@emotion/is-prop-valid/-/is-prop-valid-1.1.0.tgz#29ef6be1e946fb4739f9707def860f316f668cde"
  integrity sha512-9RkilvXAufQHsSsjQ3PIzSns+pxuX4EW8EbGeSPjZMHuMx6z/MOzb9LpqNieQX4F3mre3NWS2+X3JNRHTQztUQ==
  dependencies:
    "@emotion/memoize" "^0.7.4"

"@emotion/memoize@^0.7.4":
  version "0.7.5"
  resolved "https://registry.yarnpkg.com/@emotion/memoize/-/memoize-0.7.5.tgz#2c40f81449a4e554e9fc6396910ed4843ec2be50"
  integrity sha512-igX9a37DR2ZPGYtV6suZ6whr8pTFtyHL3K/oLUotxpSVO2ASaprmAe2Dkq7tBo7CRY7MMDrAa9nuQP9/YG8FxQ==

"@emotion/sheet@^1.0.3":
  version "1.0.3"
  resolved "https://registry.yarnpkg.com/@emotion/sheet/-/sheet-1.0.3.tgz#00c326cd7985c5ccb8fe2c1b592886579dcfab8f"
  integrity sha512-YoX5GyQ4db7LpbmXHMuc8kebtBGP6nZfRC5Z13OKJMixBEwdZrJ914D6yJv/P+ZH/YY3F5s89NYX2hlZAf3SRQ==

"@emotion/utils@^1.0.0":
  version "1.0.0"
  resolved "https://registry.yarnpkg.com/@emotion/utils/-/utils-1.0.0.tgz#abe06a83160b10570816c913990245813a2fd6af"
  integrity sha512-mQC2b3XLDs6QCW+pDQDiyO/EdGZYOygE8s5N5rrzjSI4M3IejPE/JPndCBwRT9z982aqQNi6beWs1UeayrQxxA==

"@emotion/weak-memoize@^0.2.5":
  version "0.2.5"
  resolved "https://registry.yarnpkg.com/@emotion/weak-memoize/-/weak-memoize-0.2.5.tgz#8eed982e2ee6f7f4e44c253e12962980791efd46"
  integrity sha512-6U71C2Wp7r5XtFtQzYrW5iKFT67OixrSxjI4MptCHzdSVlgabczzqLe0ZSgnub/5Kp4hSbpDB1tMytZY9pwxxA==

"@mui/core@5.0.0-alpha.51":
  version "5.0.0-alpha.51"
  resolved "https://registry.yarnpkg.com/@mui/core/-/core-5.0.0-alpha.51.tgz#3c5f715a0ee5ab123e0987047b8e4651964ecc54"
  integrity sha512-Dum1SM5qk9eGeC6TLw6Au/53yuHqpkFM65hFYEtZccjJhUtdQMve+XVsmhgYPNkhiC0HyWgIR8Q5E1q5Fkc+pQ==
  dependencies:
    "@babel/runtime" "^7.15.4"
    "@emotion/is-prop-valid" "^1.1.0"
    "@mui/utils" "^5.0.1"
    clsx "^1.1.1"
    prop-types "^15.7.2"
    react-is "^17.0.2"

"@mui/material@^5.0.4":
  version "5.0.4"
  resolved "https://registry.yarnpkg.com/@mui/material/-/material-5.0.4.tgz#38b842a413aed61c3fe169a167e824319fc8f1b1"
  integrity sha512-075EXSBHoEYeFkE5WDtXyxfd+bNIQRvqlgiouukvMqLGta1EmLq9H6+ONYV4I0Luug8NvNyRocVyRwdjH0Ufmw==
  dependencies:
    "@babel/runtime" "^7.15.4"
    "@mui/core" "5.0.0-alpha.51"
    "@mui/system" "^5.0.4"
    "@mui/types" "^7.0.0"
    "@mui/utils" "^5.0.1"
    "@popperjs/core" "^2.4.4"
    "@types/react-transition-group" "^4.4.3"
    clsx "^1.1.1"
    csstype "^3.0.9"
    hoist-non-react-statics "^3.3.2"
    prop-types "^15.7.2"
    react-is "^17.0.2"
    react-transition-group "^4.4.2"

"@mui/private-theming@^5.0.1":
  version "5.0.1"
  resolved "https://registry.yarnpkg.com/@mui/private-theming/-/private-theming-5.0.1.tgz#50a0ea6ad5a8d1d78072859c4bdaaa6b6584d986"
  integrity sha512-R8Cf2+32cG1OXFAqTighA5Mx9R5BQ57cN1ZVaNgfgdbI87Yig2fVMdFSPrw3txcjKlnwsvFJF8AdwQMqq1tJ3Q==
  dependencies:
    "@babel/runtime" "^7.15.4"
    "@mui/utils" "^5.0.1"
    prop-types "^15.7.2"

"@mui/styled-engine@^5.0.1":
  version "5.0.1"
  resolved "https://registry.yarnpkg.com/@mui/styled-engine/-/styled-engine-5.0.1.tgz#401e3e0ff846ad1b1e7e097c8050b36d7b68343e"
  integrity sha512-j40nCbaKr1HAZYqpX61XvZYsadYskjo3u6+pRFFaewSViAkkD1rjjbubpnh15nqVfYmijtHMZJ9/l1x1hamvfQ==
  dependencies:
    "@babel/runtime" "^7.15.4"
    "@emotion/cache" "^11.4.0"
    prop-types "^15.7.2"

"@mui/styles@^5.0.1":
  version "5.0.1"
  resolved "https://registry.yarnpkg.com/@mui/styles/-/styles-5.0.1.tgz#1634d08d892b5c7e85c9f84e4fc8bc02a5fb0f7a"
  integrity sha512-hCtR2ZVOkoIhpTan02I4UEShnZxe59WwhKRJqauMs/addXByhAHHCNheTdiV++Irl/fyyFObmzPM0CUD3q6FIA==
  dependencies:
    "@babel/runtime" "^7.15.4"
    "@emotion/hash" "^0.8.0"
    "@mui/private-theming" "^5.0.1"
    "@mui/types" "^7.0.0"
    "@mui/utils" "^5.0.1"
    clsx "^1.1.1"
    csstype "^3.0.9"
    hoist-non-react-statics "^3.3.2"
    jss "^10.8.0"
    jss-plugin-camel-case "^10.8.0"
    jss-plugin-default-unit "^10.8.0"
    jss-plugin-global "^10.8.0"
    jss-plugin-nested "^10.8.0"
    jss-plugin-props-sort "^10.8.0"
    jss-plugin-rule-value-function "^10.8.0"
    jss-plugin-vendor-prefixer "^10.8.0"
    prop-types "^15.7.2"

"@mui/system@^5.0.4":
  version "5.0.4"
  resolved "https://registry.yarnpkg.com/@mui/system/-/system-5.0.4.tgz#cff806533c9063efc9e1c6ec99731b64ac0632e8"
  integrity sha512-d+7dhT0eBGrPoah91GX1Q2i4S/5QsiVAp7e06lIMC/LXFWQSrsSnvNbVnW8TgttCvo0ypQ/RHNmWZ/f1eAbd/Q==
  dependencies:
    "@babel/runtime" "^7.15.4"
    "@mui/private-theming" "^5.0.1"
    "@mui/styled-engine" "^5.0.1"
    "@mui/types" "^7.0.0"
    "@mui/utils" "^5.0.1"
    clsx "^1.1.1"
    csstype "^3.0.9"
    prop-types "^15.7.2"

"@mui/types@^7.0.0":
  version "7.0.0"
  resolved "https://registry.yarnpkg.com/@mui/types/-/types-7.0.0.tgz#a7398502bc9c508875aafcbe28aea599b2c3d203"
  integrity sha512-M/tkF2pZ4uoPhZ8pnNhlVnOFtz6F3dnYKIsnj8MuXKT6d26IE2u0UjA8B0275ggN74dR9rlHG5xJt5jgDx/Ung==

"@mui/utils@^5.0.1":
  version "5.0.1"
  resolved "https://registry.yarnpkg.com/@mui/utils/-/utils-5.0.1.tgz#d4f0f41b82db6ac273920a1b5b6a4de7879271f5"
  integrity sha512-GWO104N+o9KG5fKiTEYnAg7kONKEg3vLN+VROAU0f3it6lFGLCVPcQYex/1gJ4QAy96u6Ez8/Hmmhi1+3cX0tQ==
  dependencies:
    "@babel/runtime" "^7.15.4"
    "@types/prop-types" "^15.7.4"
    "@types/react-is" "^16.7.1 || ^17.0.0"
    prop-types "^15.7.2"
    react-is "^17.0.2"

"@popperjs/core@^2.4.4":
  version "2.10.2"
  resolved "https://registry.yarnpkg.com/@popperjs/core/-/core-2.10.2.tgz#0798c03351f0dea1a5a4cabddf26a55a7cbee590"
  integrity sha512-IXf3XA7+XyN7CP9gGh/XB0UxVMlvARGEgGXLubFICsUMGz6Q+DU+i4gGlpOxTjKvXjkJDJC8YdqdKkDj9qZHEQ==

"@types/prop-types@*", "@types/prop-types@^15.7.4":
  version "15.7.4"
  resolved "https://registry.yarnpkg.com/@types/prop-types/-/prop-types-15.7.4.tgz#fcf7205c25dff795ee79af1e30da2c9790808f11"
  integrity sha512-rZ5drC/jWjrArrS8BR6SIr4cWpW09RNTYt9AMZo3Jwwif+iacXAqgVjm0B0Bv/S1jhDXKHqRVNCbACkJ89RAnQ==

"@types/react-is@^16.7.1 || ^17.0.0":
  version "17.0.2"
  resolved "https://registry.yarnpkg.com/@types/react-is/-/react-is-17.0.2.tgz#abc4d910bff5b0bc6b3e1bec57575f6b63fd4e05"
  integrity sha512-2+L0ilcAEG8udkDnvx8B0upwXFBbNnVwOsSCTxW3SDOkmar9NyEeLG0ZLa3uOEw9zyYf/fQapcnfXAVmDKlyHw==
  dependencies:
    "@types/react" "*"

"@types/react-transition-group@^4.4.3":
  version "4.4.3"
  resolved "https://registry.yarnpkg.com/@types/react-transition-group/-/react-transition-group-4.4.3.tgz#b0994da0a7023d67dbb4a8910a62112bc00d5688"
  integrity sha512-fUx5muOWSYP8Bw2BUQ9M9RK9+W1XBK/7FLJ8PTQpnpTEkn0ccyMffyEQvan4C3h53gHdx7KE5Qrxi/LnUGQtdg==
  dependencies:
    "@types/react" "*"

"@types/react@*":
  version "17.0.30"
  resolved "https://registry.yarnpkg.com/@types/react/-/react-17.0.30.tgz#2f8e6f5ab6415c091cc5e571942ee9064b17609e"
  integrity sha512-3Dt/A8gd3TCXi2aRe84y7cK1K8G+N9CZRDG8kDGguOKa0kf/ZkSwTmVIDPsm/KbQOVMaDJXwhBtuOXxqwdpWVg==
  dependencies:
    "@types/prop-types" "*"
    "@types/scheduler" "*"
    csstype "^3.0.2"

"@types/scheduler@*":
  version "0.16.2"
  resolved "https://registry.yarnpkg.com/@types/scheduler/-/scheduler-0.16.2.tgz#1a62f89525723dde24ba1b01b092bf5df8ad4d39"
  integrity sha512-hppQEBDmlwhFAXKJX2KnWLYu5yMfi91yazPb2l+lbJiwW+wdo1gNeRA+3RgNSO39WYX2euey41KEwnqesU2Jew==

clsx@^1.1.1:
  version "1.1.1"
  resolved "https://registry.yarnpkg.com/clsx/-/clsx-1.1.1.tgz#98b3134f9abbdf23b2663491ace13c5c03a73188"
  integrity sha512-6/bPho624p3S2pMyvP5kKBPXnI3ufHLObBFCfgx+LkeR5lg2XYy2hqZqUf45ypD8COn2bhgGJSUE+l5dhNBieA==

css-vendor@^2.0.8:
  version "2.0.8"
  resolved "https://registry.yarnpkg.com/css-vendor/-/css-vendor-2.0.8.tgz#e47f91d3bd3117d49180a3c935e62e3d9f7f449d"
  integrity sha512-x9Aq0XTInxrkuFeHKbYC7zWY8ai7qJ04Kxd9MnvbC1uO5DagxoHQjm4JvG+vCdXOoFtCjbL2XSZfxmoYa9uQVQ==
  dependencies:
    "@babel/runtime" "^7.8.3"
    is-in-browser "^1.0.2"

csstype@^3.0.2, csstype@^3.0.9:
  version "3.0.9"
  resolved "https://registry.yarnpkg.com/csstype/-/csstype-3.0.9.tgz#6410af31b26bd0520933d02cbc64fce9ce3fbf0b"
  integrity sha512-rpw6JPxK6Rfg1zLOYCSwle2GFOOsnjmDYDaBwEcwoOg4qlsIVCN789VkBZDJAGi4T07gI4YSutR43t9Zz4Lzuw==

dom-helpers@^5.0.1:
  version "5.2.1"
  resolved "https://registry.yarnpkg.com/dom-helpers/-/dom-helpers-5.2.1.tgz#d9400536b2bf8225ad98fe052e029451ac40e902"
  integrity sha512-nRCa7CK3VTrM2NmGkIy4cbK7IZlgBE/PYMn55rrXefr5xXDP0LdtfPnblFDoVdcAfslJ7or6iqAUnx0CCGIWQA==
  dependencies:
    "@babel/runtime" "^7.8.7"
    csstype "^3.0.2"

hoist-non-react-statics@^3.3.2:
  version "3.3.2"
  resolved "https://registry.yarnpkg.com/hoist-non-react-statics/-/hoist-non-react-statics-3.3.2.tgz#ece0acaf71d62c2969c2ec59feff42a4b1a85b45"
  integrity sha512-/gGivxi8JPKWNm/W0jSmzcMPpfpPLc3dY/6GxhX2hQ9iGj3aDfklV4ET7NjKpSinLpJ5vafa9iiGIEZg10SfBw==
  dependencies:
    react-is "^16.7.0"

hyphenate-style-name@^1.0.3:
  version "1.0.4"
  resolved "https://registry.yarnpkg.com/hyphenate-style-name/-/hyphenate-style-name-1.0.4.tgz#691879af8e220aea5750e8827db4ef62a54e361d"
  integrity sha512-ygGZLjmXfPHj+ZWh6LwbC37l43MhfztxetbFCoYTM2VjkIUpeHgSNn7QIyVFj7YQ1Wl9Cbw5sholVJPzWvC2MQ==

is-in-browser@^1.0.2, is-in-browser@^1.1.3:
  version "1.1.3"
  resolved "https://registry.yarnpkg.com/is-in-browser/-/is-in-browser-1.1.3.tgz#56ff4db683a078c6082eb95dad7dc62e1d04f835"
  integrity sha1-Vv9NtoOgeMYILrldrX3GLh0E+DU=

"js-tokens@^3.0.0 || ^4.0.0":
  version "4.0.0"
  resolved "https://registry.yarnpkg.com/js-tokens/-/js-tokens-4.0.0.tgz#19203fb59991df98e3a287050d4647cdeaf32499"
  integrity sha512-RdJUflcE3cUzKiMqQgsCu06FPu9UdIJO0beYbPhHN4k6apgJtifcoCtT9bcxOpYBtpD2kCM6Sbzg4CausW/PKQ==

jss-plugin-camel-case@^10.8.0:
  version "10.8.1"
  resolved "https://registry.yarnpkg.com/jss-plugin-camel-case/-/jss-plugin-camel-case-10.8.1.tgz#342fd406c2e8781ecdc4ac298a78b892f75581ab"
  integrity sha512-nOYKsvX9qh/AcUWSSRZHKyUj4RwqnhUSq4EKNFA1nHsNw0VJYwtF1yqtOPvztWEP3LTlNhcwoPINsb/eKVmYqA==
  dependencies:
    "@babel/runtime" "^7.3.1"
    hyphenate-style-name "^1.0.3"
    jss "10.8.1"

jss-plugin-default-unit@^10.8.0:
  version "10.8.1"
  resolved "https://registry.yarnpkg.com/jss-plugin-default-unit/-/jss-plugin-default-unit-10.8.1.tgz#1c35b89cd70ca5b0e01c21d89d908e75c1ea80ad"
  integrity sha512-W/uwVJNrFtUrVyAPfH/3ZngFYUVilMxgNbuWHYslqv3c5gnBKM6iXeoDzOnB+wtQJoSCTLzD3q77H7OeNK3oxg==
  dependencies:
    "@babel/runtime" "^7.3.1"
    jss "10.8.1"

jss-plugin-global@^10.8.0:
  version "10.8.1"
  resolved "https://registry.yarnpkg.com/jss-plugin-global/-/jss-plugin-global-10.8.1.tgz#992a14210c567178eb4cd385edcd267ae8cc6f28"
  integrity sha512-ERYLzD+L/v3yQL2mM5/PE+3xU/GCXcfXuGIL1kVkiEIpXnWtND/Mphf2iHQaqedx59uhiVHFZaMtv6qv+iNsDw==
  dependencies:
    "@babel/runtime" "^7.3.1"
    jss "10.8.1"

jss-plugin-nested@^10.8.0:
  version "10.8.1"
  resolved "https://registry.yarnpkg.com/jss-plugin-nested/-/jss-plugin-nested-10.8.1.tgz#ac9750f8185725a0fd6ea484860767c53ec3d3dc"
  integrity sha512-Z15G23Fb8/br23EclH9CAq2UGdi29XgpSWXFTBusMJbWjitFdDCdYMzk7bSUJ6P7L5+WpaIDNxIJ9WrdMRqdXw==
  dependencies:
    "@babel/runtime" "^7.3.1"
    jss "10.8.1"
    tiny-warning "^1.0.2"

jss-plugin-props-sort@^10.8.0:
  version "10.8.1"
  resolved "https://registry.yarnpkg.com/jss-plugin-props-sort/-/jss-plugin-props-sort-10.8.1.tgz#ee07bebf8ebeab01f8d9369973c64891cca53af9"
  integrity sha512-BNbKYuh4IawWr7cticlnbI+kBx01o39DNHkjAkc2CGKWVboUb2EpktDqonqVN/BjyzDgZXKOmwz36ZFkLQB45g==
  dependencies:
    "@babel/runtime" "^7.3.1"
    jss "10.8.1"

jss-plugin-rule-value-function@^10.8.0:
  version "10.8.1"
  resolved "https://registry.yarnpkg.com/jss-plugin-rule-value-function/-/jss-plugin-rule-value-function-10.8.1.tgz#40b19406f3cc027d9001de9026750e726c322993"
  integrity sha512-XrvM4bokyU1xPXr+gVEIlT9WylLQZcdC+1JDxriXDEWmKEjJgtH+w6ZicchTydLqq1qtA4fEevhdMvm4QvgIKw==
  dependencies:
    "@babel/runtime" "^7.3.1"
    jss "10.8.1"
    tiny-warning "^1.0.2"

jss-plugin-vendor-prefixer@^10.8.0:
  version "10.8.1"
  resolved "https://registry.yarnpkg.com/jss-plugin-vendor-prefixer/-/jss-plugin-vendor-prefixer-10.8.1.tgz#362146c2b641aae1d29f279307aec0e2167c7ee2"
  integrity sha512-77b/iEFmA669s+USru2Y5eg9Hs1C1N0zE/4EaJm/fqKScCTNawHXZv5l5w6j81A9CNa63Ar7jekAIfBkoKFmLw==
  dependencies:
    "@babel/runtime" "^7.3.1"
    css-vendor "^2.0.8"
    jss "10.8.1"

jss@10.8.1, jss@^10.8.0:
  version "10.8.1"
  resolved "https://registry.yarnpkg.com/jss/-/jss-10.8.1.tgz#375797c259ffce417e56ae1a7fe703acde8de9ee"
  integrity sha512-P4wKxU+2m5ReGl0Mmbf9XYgVjFIVZJOZ9ylXBxdpanX+HHgj5XVaAIgYzYpKbBLPCdkAUsI/Iq1fhQPsMNu0YA==
  dependencies:
    "@babel/runtime" "^7.3.1"
    csstype "^3.0.2"
    is-in-browser "^1.1.3"
    tiny-warning "^1.0.2"

loose-envify@^1.4.0:
  version "1.4.0"
  resolved "https://registry.yarnpkg.com/loose-envify/-/loose-envify-1.4.0.tgz#71ee51fa7be4caec1a63839f7e682d8132d30caf"
  integrity sha512-lyuxPGr/Wfhrlem2CL/UcnUc1zcqKAImBDzukY7Y5F/yQiNdko6+fRLevlw1HgMySw7f611UIY408EtxRSoK3Q==
  dependencies:
    js-tokens "^3.0.0 || ^4.0.0"

object-assign@^4.1.1:
  version "4.1.1"
  resolved "https://registry.yarnpkg.com/object-assign/-/object-assign-4.1.1.tgz#2109adc7965887cfc05cbbd442cac8bfbb360863"
  integrity sha1-IQmtx5ZYh8/AXLvUQsrIv7s2CGM=

prop-types@^15.6.2, prop-types@^15.7.2:
  version "15.7.2"
  resolved "https://registry.yarnpkg.com/prop-types/-/prop-types-15.7.2.tgz#52c41e75b8c87e72b9d9360e0206b99dcbffa6c5"
  integrity sha512-8QQikdH7//R2vurIJSutZ1smHYTcLpRWEOlHnzcWHmBYrOGUysKwSsrC89BCiFj3CbrfJ/nXFdJepOVrY1GCHQ==
  dependencies:
    loose-envify "^1.4.0"
    object-assign "^4.1.1"
    react-is "^16.8.1"

react-is@^16.7.0, react-is@^16.8.1:
  version "16.13.1"
  resolved "https://registry.yarnpkg.com/react-is/-/react-is-16.13.1.tgz#789729a4dc36de2999dc156dd6c1d9c18cea56a4"
  integrity sha512-24e6ynE2H+OKt4kqsOvNd8kBpV65zoxbA4BVsEOB3ARVWQki/DHzaUoC5KuON/BiccDaCCTZBuOcfZs70kR8bQ==

react-is@^17.0.2:
  version "17.0.2"
  resolved "https://registry.yarnpkg.com/react-is/-/react-is-17.0.2.tgz#e691d4a8e9c789365655539ab372762b0efb54f0"
  integrity sha512-w2GsyukL62IJnlaff/nRegPQR94C/XXamvMWmSHRJ4y7Ts/4ocGRmTHvOs8PSE6pB3dWOrD/nueuU5sduBsQ4w==

react-transition-group@^4.4.2:
  version "4.4.2"
  resolved "https://registry.yarnpkg.com/react-transition-group/-/react-transition-group-4.4.2.tgz#8b59a56f09ced7b55cbd53c36768b922890d5470"
  integrity sha512-/RNYfRAMlZwDSr6z4zNKV6xu53/e2BuaBbGhbyYIXTrmgu/bGHzmqOs7mJSJBHy9Ud+ApHx3QjrkKSp1pxvlFg==
  dependencies:
    "@babel/runtime" "^7.5.5"
    dom-helpers "^5.0.1"
    loose-envify "^1.4.0"
    prop-types "^15.6.2"

regenerator-runtime@^0.13.4:
  version "0.13.9"
  resolved "https://registry.yarnpkg.com/regenerator-runtime/-/regenerator-runtime-0.13.9.tgz#8925742a98ffd90814988d7566ad30ca3b263b52"
  integrity sha512-p3VT+cOEgxFsRRA9X4lkI1E+k2/CtnKtU4gcxyaCUreilL/vqI6CdZ3wxVUx3UOUg+gnUOQQcRI7BmSI656MYA==

stylis@^4.0.10:
  version "4.0.10"
  resolved "https://registry.yarnpkg.com/stylis/-/stylis-4.0.10.tgz#446512d1097197ab3f02fb3c258358c3f7a14240"
  integrity sha512-m3k+dk7QeJw660eIKRRn3xPF6uuvHs/FFzjX3HQ5ove0qYsiygoAhwn5a3IYKaZPo5LrYD0rfVmtv1gNY1uYwg==

tiny-warning@^1.0.2:
  version "1.0.3"
  resolved "https://registry.yarnpkg.com/tiny-warning/-/tiny-warning-1.0.3.tgz#94a30db453df4c643d0fd566060d60a875d84754"
  integrity sha512-lBN9zLN/oAf68o3zNXYrdCt1kP8WsiGW8Oo2ka41b2IM5JL/S1CTyX1rW0mb/zSuJun0ZUrDxx4sqvYS2FWzPA==
